
Microsoft Visual Studio Solution File, Format Version 12.00
# Visual Studio Version 16
VisualStudioVersion = 16.0.32802.440
MinimumVisualStudioVersion = 10.0.40219.1
Project("{8BC9CEB8-8B4A-11D0-8D11-00A0C91BC942}") = "OOP2", "OOP2\OOP2.vcxproj", "{516B09EF-FEB3-4A3E-BDFA-B413A073E050}"
EndProject
Project("{8BC9CEB8-8B4A-11D0-8D11-00A0C91BC942}") = "Triangle", "Triangle\Triangle.vcxproj", "{F0A4DDB2-AB28-4E6B-83CF-B5DBCE452B3C}"
EndProject
Global
	GlobalSection(SolutionConfigurationPlatforms) = preSolution
		Debug|x64 = Debug|x64
		Debug|x86 = Debug|x86
		Release|x64 = Release|x64
		Release|x86 = Release|x86
	EndGlobalSection
	GlobalSection(ProjectConfigurationPlatforms) = postSolution
		{516B09EF-FEB3-4A3E-BDFA-B413A073E050}.Debug|x64.ActiveCfg = Debug|x64
		{516B09EF-FEB3-4A3E-BDFA-B413A073E050}.Debug|x64.Build.0 = Debug|x64
		{516B09EF-FEB3-4A3E-BDFA-B413A073E050}.Debug|x86.ActiveCfg = Debug|Win32
		{516B09EF-FEB3-4A3E-BDFA-B413A073E050}.Debug|x86.Build.0 = Debug|Win32
		{516B09EF-FEB3-4A3E-BDFA-B413A073E050}.Release|x64.ActiveCfg = Release|x64
		{516B09EF-FEB3-4A3E-BDFA-B413A073E050}.Release|x64.Build.0 = Release|x64
		{516B09EF-FEB3-4A3E-BDFA-B413A073E050}.Release|x86.ActiveCfg = Release|Win32
		{516B09EF-FEB3-4A3E-BDFA-B413A073E050}.Release|x86.Build.0 = Release|Win32
		{F0A4DDB2-AB28-4E6B-83CF-B5DBCE452B3C}.Debug|x64.ActiveCfg = Debug|x64
		{F0A4DDB2-AB28-4E6B-83CF-B5DBCE452B3C}.Debug|x64.Build.0 = Debug|x64
		{F0A4DDB2-AB28-4E6B-83CF-B5DBCE452B3C}.Debug|x86.ActiveCfg = Debug|Win32
		{F0A4DDB2-AB28-4E6B-83CF-B5DBCE452B3C}.Debug|x86.Build.0 = Debug|Win32
		{F0A4DDB2-AB28-4E6B-83CF-B5DBCE452B3C}.Release|x64.ActiveCfg = Release|x64
		{F0A4DDB2-AB28-4E6B-83CF-B5DBCE452B3C}.Release|x64.Build.0 = Release|x64
		{F0A4DDB2-AB28-4E6B-83CF-B5DBCE452B3C}.Release|x86.ActiveCfg = Release|Win32
		{F0A4DDB2-AB28-4E6B-83CF-B5DBCE452B3C}.Release|x86.Build.0 = Release|Win32
	EndGlobalSection
	GlobalSection(SolutionProperties) = preSolution
		HideSolutionNode = FALSE
	EndGlobalSection
	GlobalSection(ExtensibilityGlobals) = postSolution
		SolutionGuid = {4119AE46-741C-467D-95FC-670F5E580B6C}
	EndGlobalSection
EndGlobal
